
Microsoft Visual Studio Solution File, Format Version 12.00
# Visual Studio 15
VisualStudioVersion = 15.0.26430.6
MinimumVisualStudioVersion = 10.0.40219.1
Project("{FAE04EC0-301F-11D3-BF4B-00C04F79EFBC}") = "MyTypeViewer", "MyTypeViewer\MyTypeViewer.csproj", "{CD2E1017-1DBB-4D10-8274-14F99E62034C}"
EndProject
Global
	GlobalSection(SolutionConfigurationPlatforms) = preSolution
		Debug|Any CPU = Debug|Any CPU
		Release|Any CPU = Release|Any CPU
	EndGlobalSection
	GlobalSection(ProjectConfigurationPlatforms) = postSolution
		{CD2E1017-1DBB-4D10-8274-14F99E62034C}.Debug|Any CPU.ActiveCfg = Debug|Any CPU
		{CD2E1017-1DBB-4D10-8274-14F99E62034C}.Debug|Any CPU.Build.0 = Debug|Any CPU
		{CD2E1017-1DBB-4D10-8274-14F99E62034C}.Release|Any CPU.ActiveCfg = Release|Any CPU
		{CD2E1017-1DBB-4D10-8274-14F99E62034C}.Release|Any CPU.Build.0 = Release|Any CPU
	EndGlobalSection
	GlobalSection(SolutionProperties) = preSolution
		HideSolutionNode = FALSE
	EndGlobalSection
EndGlobal
