
Microsoft Visual Studio Solution File, Format Version 12.00
# Visual Studio 15
VisualStudioVersion = 15.0.27130.2027
MinimumVisualStudioVersion = 10.0.40219.1
Project("{FAE04EC0-301F-11D3-BF4B-00C04F79EFBC}") = "CarLotMVC", "CarLotMVC\CarLotMVC.csproj", "{8B14859E-B7A7-4C3C-A511-B8A4B73255B7}"
EndProject
Global
	GlobalSection(SolutionConfigurationPlatforms) = preSolution
		Debug|Any CPU = Debug|Any CPU
		Release|Any CPU = Release|Any CPU
	EndGlobalSection
	GlobalSection(ProjectConfigurationPlatforms) = postSolution
		{8B14859E-B7A7-4C3C-A511-B8A4B73255B7}.Debug|Any CPU.ActiveCfg = Debug|Any CPU
		{8B14859E-B7A7-4C3C-A511-B8A4B73255B7}.Debug|Any CPU.Build.0 = Debug|Any CPU
		{8B14859E-B7A7-4C3C-A511-B8A4B73255B7}.Release|Any CPU.ActiveCfg = Release|Any CPU
		{8B14859E-B7A7-4C3C-A511-B8A4B73255B7}.Release|Any CPU.Build.0 = Release|Any CPU
	EndGlobalSection
	GlobalSection(SolutionProperties) = preSolution
		HideSolutionNode = FALSE
	EndGlobalSection
	GlobalSection(ExtensibilityGlobals) = postSolution
		SolutionGuid = {4F67194C-18D3-4CC3-9B26-8A9B613A915E}
	EndGlobalSection
EndGlobal
