
Microsoft Visual Studio Solution File, Format Version 12.00
# Visual Studio 15
VisualStudioVersion = 15.0.26430.6
MinimumVisualStudioVersion = 10.0.40219.1
Project("{FAE04EC0-301F-11D3-BF4B-00C04F79EFBC}") = "LateBindingWithDynamic", "LateBindingWithDynamic\LateBindingWithDynamic.csproj", "{51EE8D84-992E-4502-B0DA-BACDE2ACAD37}"
EndProject
Project("{FAE04EC0-301F-11D3-BF4B-00C04F79EFBC}") = "MathLibrary", "MathLibrary\MathLibrary.csproj", "{666160F8-C1D4-4FDF-A2BE-4F5A84715637}"
EndProject
Global
	GlobalSection(SolutionConfigurationPlatforms) = preSolution
		Debug|Any CPU = Debug|Any CPU
		Release|Any CPU = Release|Any CPU
	EndGlobalSection
	GlobalSection(ProjectConfigurationPlatforms) = postSolution
		{51EE8D84-992E-4502-B0DA-BACDE2ACAD37}.Debug|Any CPU.ActiveCfg = Debug|Any CPU
		{51EE8D84-992E-4502-B0DA-BACDE2ACAD37}.Debug|Any CPU.Build.0 = Debug|Any CPU
		{51EE8D84-992E-4502-B0DA-BACDE2ACAD37}.Release|Any CPU.ActiveCfg = Release|Any CPU
		{51EE8D84-992E-4502-B0DA-BACDE2ACAD37}.Release|Any CPU.Build.0 = Release|Any CPU
		{666160F8-C1D4-4FDF-A2BE-4F5A84715637}.Debug|Any CPU.ActiveCfg = Debug|Any CPU
		{666160F8-C1D4-4FDF-A2BE-4F5A84715637}.Debug|Any CPU.Build.0 = Debug|Any CPU
		{666160F8-C1D4-4FDF-A2BE-4F5A84715637}.Release|Any CPU.ActiveCfg = Release|Any CPU
		{666160F8-C1D4-4FDF-A2BE-4F5A84715637}.Release|Any CPU.Build.0 = Release|Any CPU
	EndGlobalSection
	GlobalSection(SolutionProperties) = preSolution
		HideSolutionNode = FALSE
	EndGlobalSection
EndGlobal
