
Microsoft Visual Studio Solution File, Format Version 12.00
# Visual Studio 15
VisualStudioVersion = 15.0.26430.14
MinimumVisualStudioVersion = 10.0.40219.1
Project("{FAE04EC0-301F-11D3-BF4B-00C04F79EFBC}") = "StringReaderWriterApp", "StringReaderWriterApp\StringReaderWriterApp.csproj", "{EAE7D166-C49B-4CFB-B8D8-432B84BD4C1D}"
EndProject
Global
	GlobalSection(SolutionConfigurationPlatforms) = preSolution
		Debug|Any CPU = Debug|Any CPU
		Release|Any CPU = Release|Any CPU
	EndGlobalSection
	GlobalSection(ProjectConfigurationPlatforms) = postSolution
		{EAE7D166-C49B-4CFB-B8D8-432B84BD4C1D}.Debug|Any CPU.ActiveCfg = Debug|Any CPU
		{EAE7D166-C49B-4CFB-B8D8-432B84BD4C1D}.Debug|Any CPU.Build.0 = Debug|Any CPU
		{EAE7D166-C49B-4CFB-B8D8-432B84BD4C1D}.Release|Any CPU.ActiveCfg = Release|Any CPU
		{EAE7D166-C49B-4CFB-B8D8-432B84BD4C1D}.Release|Any CPU.Build.0 = Release|Any CPU
	EndGlobalSection
	GlobalSection(SolutionProperties) = preSolution
		HideSolutionNode = FALSE
	EndGlobalSection
EndGlobal
