
Microsoft Visual Studio Solution File, Format Version 12.00
# Visual Studio 15
VisualStudioVersion = 15.0.27130.2010
MinimumVisualStudioVersion = 10.0.40219.1
Project("{FAE04EC0-301F-11D3-BF4B-00C04F79EFBC}") = "CodeBehindPageModel", "CodeBehindPageModel\CodeBehindPageModel.csproj", "{BC4F0833-837E-46E7-8961-128606FB3525}"
EndProject
Global
	GlobalSection(SolutionConfigurationPlatforms) = preSolution
		Debug|Any CPU = Debug|Any CPU
		Release|Any CPU = Release|Any CPU
	EndGlobalSection
	GlobalSection(ProjectConfigurationPlatforms) = postSolution
		{BC4F0833-837E-46E7-8961-128606FB3525}.Debug|Any CPU.ActiveCfg = Debug|Any CPU
		{BC4F0833-837E-46E7-8961-128606FB3525}.Debug|Any CPU.Build.0 = Debug|Any CPU
		{BC4F0833-837E-46E7-8961-128606FB3525}.Release|Any CPU.ActiveCfg = Release|Any CPU
		{BC4F0833-837E-46E7-8961-128606FB3525}.Release|Any CPU.Build.0 = Release|Any CPU
	EndGlobalSection
	GlobalSection(SolutionProperties) = preSolution
		HideSolutionNode = FALSE
	EndGlobalSection
	GlobalSection(ExtensibilityGlobals) = postSolution
		SolutionGuid = {9C83E323-0397-42C6-9CD7-D791595E2D59}
	EndGlobalSection
EndGlobal
