
Microsoft Visual Studio Solution File, Format Version 12.00
# Visual Studio 15
VisualStudioVersion = 15.0.27004.2008
MinimumVisualStudioVersion = 10.0.40219.1
Project("{FAE04EC0-301F-11D3-BF4B-00C04F79EFBC}") = "MathClient", "MathClient\MathClient.csproj", "{C19F8D5A-6451-4703-B110-D604EDF41C9B}"
EndProject
Global
	GlobalSection(SolutionConfigurationPlatforms) = preSolution
		Debug|Any CPU = Debug|Any CPU
		Release|Any CPU = Release|Any CPU
	EndGlobalSection
	GlobalSection(ProjectConfigurationPlatforms) = postSolution
		{C19F8D5A-6451-4703-B110-D604EDF41C9B}.Debug|Any CPU.ActiveCfg = Debug|Any CPU
		{C19F8D5A-6451-4703-B110-D604EDF41C9B}.Debug|Any CPU.Build.0 = Debug|Any CPU
		{C19F8D5A-6451-4703-B110-D604EDF41C9B}.Release|Any CPU.ActiveCfg = Release|Any CPU
		{C19F8D5A-6451-4703-B110-D604EDF41C9B}.Release|Any CPU.Build.0 = Release|Any CPU
	EndGlobalSection
	GlobalSection(SolutionProperties) = preSolution
		HideSolutionNode = FALSE
	EndGlobalSection
	GlobalSection(ExtensibilityGlobals) = postSolution
		SolutionGuid = {9FA16606-3739-4380-A2CC-69D864E428B6}
	EndGlobalSection
EndGlobal
