
Microsoft Visual Studio Solution File, Format Version 12.00
# Visual Studio 15
VisualStudioVersion = 15.0.27004.2008
MinimumVisualStudioVersion = 10.0.40219.1
Project("{FAE04EC0-301F-11D3-BF4B-00C04F79EFBC}") = "LinqToXmlWinApp", "LinqToXmlWinApp\LinqToXmlWinApp.csproj", "{79BDA9EC-47B6-4054-A927-BC6711FB38FE}"
EndProject
Global
	GlobalSection(SolutionConfigurationPlatforms) = preSolution
		Debug|Any CPU = Debug|Any CPU
		Release|Any CPU = Release|Any CPU
	EndGlobalSection
	GlobalSection(ProjectConfigurationPlatforms) = postSolution
		{79BDA9EC-47B6-4054-A927-BC6711FB38FE}.Debug|Any CPU.ActiveCfg = Debug|Any CPU
		{79BDA9EC-47B6-4054-A927-BC6711FB38FE}.Debug|Any CPU.Build.0 = Debug|Any CPU
		{79BDA9EC-47B6-4054-A927-BC6711FB38FE}.Release|Any CPU.ActiveCfg = Release|Any CPU
		{79BDA9EC-47B6-4054-A927-BC6711FB38FE}.Release|Any CPU.Build.0 = Release|Any CPU
	EndGlobalSection
	GlobalSection(SolutionProperties) = preSolution
		HideSolutionNode = FALSE
	EndGlobalSection
	GlobalSection(ExtensibilityGlobals) = postSolution
		SolutionGuid = {7DEA0B4B-1D6A-45F7-A4BD-8FF63960395C}
	EndGlobalSection
EndGlobal
