
Microsoft Visual Studio Solution File, Format Version 12.00
# Visual Studio 15
VisualStudioVersion = 15.0.26430.14
MinimumVisualStudioVersion = 10.0.40219.1
Project("{FAE04EC0-301F-11D3-BF4B-00C04F79EFBC}") = "MyEBookReader", "MyEBookReader\MyEBookReader.csproj", "{6473022B-7728-4877-90E5-EA8613DDC0DF}"
EndProject
Global
	GlobalSection(SolutionConfigurationPlatforms) = preSolution
		Debug|Any CPU = Debug|Any CPU
		Release|Any CPU = Release|Any CPU
	EndGlobalSection
	GlobalSection(ProjectConfigurationPlatforms) = postSolution
		{6473022B-7728-4877-90E5-EA8613DDC0DF}.Debug|Any CPU.ActiveCfg = Debug|Any CPU
		{6473022B-7728-4877-90E5-EA8613DDC0DF}.Debug|Any CPU.Build.0 = Debug|Any CPU
		{6473022B-7728-4877-90E5-EA8613DDC0DF}.Release|Any CPU.ActiveCfg = Release|Any CPU
		{6473022B-7728-4877-90E5-EA8613DDC0DF}.Release|Any CPU.Build.0 = Release|Any CPU
	EndGlobalSection
	GlobalSection(SolutionProperties) = preSolution
		HideSolutionNode = FALSE
	EndGlobalSection
EndGlobal
