
Microsoft Visual Studio Solution File, Format Version 12.00
# Visual Studio 15
VisualStudioVersion = 15.0.27130.2027
MinimumVisualStudioVersion = 10.0.40219.1
Project("{E24C65DC-7377-472B-9ABA-BC803B73C61A}") = "CookieStateApp", "CookieStateApp\", "{BEB273E8-72A0-46AA-AE7F-E08863694F21}"
	ProjectSection(WebsiteProperties) = preProject
		TargetFrameworkMoniker = ".NETFramework,Version%3Dv4.6.1"
		Debug.AspNetCompiler.VirtualPath = "/localhost_61682"
		Debug.AspNetCompiler.PhysicalPath = "CookieStateApp\"
		Debug.AspNetCompiler.TargetPath = "PrecompiledWeb\localhost_61682\"
		Debug.AspNetCompiler.Updateable = "true"
		Debug.AspNetCompiler.ForceOverwrite = "true"
		Debug.AspNetCompiler.FixedNames = "false"
		Debug.AspNetCompiler.Debug = "True"
		Release.AspNetCompiler.VirtualPath = "/localhost_61682"
		Release.AspNetCompiler.PhysicalPath = "CookieStateApp\"
		Release.AspNetCompiler.TargetPath = "PrecompiledWeb\localhost_61682\"
		Release.AspNetCompiler.Updateable = "true"
		Release.AspNetCompiler.ForceOverwrite = "true"
		Release.AspNetCompiler.FixedNames = "false"
		Release.AspNetCompiler.Debug = "False"
		VWDPort = "61682"
		SlnRelativePath = "CookieStateApp\"
		DefaultWebSiteLanguage = "Visual C#"
	EndProjectSection
EndProject
Global
	GlobalSection(SolutionConfigurationPlatforms) = preSolution
		Debug|Any CPU = Debug|Any CPU
	EndGlobalSection
	GlobalSection(ProjectConfigurationPlatforms) = postSolution
		{BEB273E8-72A0-46AA-AE7F-E08863694F21}.Debug|Any CPU.ActiveCfg = Debug|Any CPU
		{BEB273E8-72A0-46AA-AE7F-E08863694F21}.Debug|Any CPU.Build.0 = Debug|Any CPU
	EndGlobalSection
	GlobalSection(SolutionProperties) = preSolution
		HideSolutionNode = FALSE
	EndGlobalSection
	GlobalSection(ExtensibilityGlobals) = postSolution
		SolutionGuid = {41D07E99-5147-41D3-AF85-5049244B68F8}
	EndGlobalSection
EndGlobal
