
Microsoft Visual Studio Solution File, Format Version 12.00
# Visual Studio 15
VisualStudioVersion = 15.0.27130.2026
MinimumVisualStudioVersion = 10.0.40219.1
Project("{E24C65DC-7377-472B-9ABA-BC803B73C61A}") = "FunWithThemes", "FunWithThemes\", "{365C4715-EF11-4701-BA07-FBF38438D700}"
	ProjectSection(WebsiteProperties) = preProject
		TargetFrameworkMoniker = ".NETFramework,Version%3Dv4.6.1"
		Debug.AspNetCompiler.VirtualPath = "/localhost_52240"
		Debug.AspNetCompiler.PhysicalPath = "FunWithThemes\"
		Debug.AspNetCompiler.TargetPath = "PrecompiledWeb\localhost_52240\"
		Debug.AspNetCompiler.Updateable = "true"
		Debug.AspNetCompiler.ForceOverwrite = "true"
		Debug.AspNetCompiler.FixedNames = "false"
		Debug.AspNetCompiler.Debug = "True"
		Release.AspNetCompiler.VirtualPath = "/localhost_52240"
		Release.AspNetCompiler.PhysicalPath = "FunWithThemes\"
		Release.AspNetCompiler.TargetPath = "PrecompiledWeb\localhost_52240\"
		Release.AspNetCompiler.Updateable = "true"
		Release.AspNetCompiler.ForceOverwrite = "true"
		Release.AspNetCompiler.FixedNames = "false"
		Release.AspNetCompiler.Debug = "False"
		VWDPort = "52240"
		SlnRelativePath = "FunWithThemes\"
		DefaultWebSiteLanguage = "Visual C#"
	EndProjectSection
EndProject
Global
	GlobalSection(SolutionConfigurationPlatforms) = preSolution
		Debug|Any CPU = Debug|Any CPU
	EndGlobalSection
	GlobalSection(ProjectConfigurationPlatforms) = postSolution
		{365C4715-EF11-4701-BA07-FBF38438D700}.Debug|Any CPU.ActiveCfg = Debug|Any CPU
		{365C4715-EF11-4701-BA07-FBF38438D700}.Debug|Any CPU.Build.0 = Debug|Any CPU
	EndGlobalSection
	GlobalSection(SolutionProperties) = preSolution
		HideSolutionNode = FALSE
	EndGlobalSection
	GlobalSection(ExtensibilityGlobals) = postSolution
		SolutionGuid = {FE1613D5-77C9-45F5-AF2E-451B5FE94D6E}
	EndGlobalSection
EndGlobal
